
Microsoft Visual Studio Solution File, Format Version 12.00
# Visual Studio Version 17
VisualStudioVersion = 17.2.32519.379
MinimumVisualStudioVersion = 10.0.40219.1
Project("{9A19103F-16F7-4668-BE54-9A1E7A4F7556}") = "MatFilter", "MatFilter\MatFilter.csproj", "{78B7584F-5A09-49B7-B1CE-A504CF2148B4}"
EndProject
Project("{9A19103F-16F7-4668-BE54-9A1E7A4F7556}") = "OneThread", "OneThread\OneThread.csproj", "{8B15887F-DC69-477F-905F-8C65508758EE}"
EndProject
Project("{9A19103F-16F7-4668-BE54-9A1E7A4F7556}") = "ObsceneWords", "ObsceneWords\ObsceneWords.csproj", "{411F3D28-D32E-47A5-B616-09CE67656F1A}"
EndProject
Project("{9A19103F-16F7-4668-BE54-9A1E7A4F7556}") = "WebApp", "WebApp\WebApp.csproj", "{014169CE-98D7-4DBF-A20A-42C6AE6E52F8}"
EndProject
Project("{9A19103F-16F7-4668-BE54-9A1E7A4F7556}") = "Prefix", "Prefix\Prefix.csproj", "{903F9A3C-662D-44F0-AA6B-5B7127F1A7E3}"
EndProject
Project("{FAE04EC0-301F-11D3-BF4B-00C04F79EFBC}") = "BenchMarks", "BenchMarks\BenchMarks.csproj", "{F99CDED5-49E0-46DE-B1CB-C74F8021C47A}"
EndProject
Global
	GlobalSection(SolutionConfigurationPlatforms) = preSolution
		Debug|Any CPU = Debug|Any CPU
		Release|Any CPU = Release|Any CPU
	EndGlobalSection
	GlobalSection(ProjectConfigurationPlatforms) = postSolution
		{78B7584F-5A09-49B7-B1CE-A504CF2148B4}.Debug|Any CPU.ActiveCfg = Debug|Any CPU
		{78B7584F-5A09-49B7-B1CE-A504CF2148B4}.Debug|Any CPU.Build.0 = Debug|Any CPU
		{78B7584F-5A09-49B7-B1CE-A504CF2148B4}.Release|Any CPU.ActiveCfg = Release|Any CPU
		{78B7584F-5A09-49B7-B1CE-A504CF2148B4}.Release|Any CPU.Build.0 = Release|Any CPU
		{8B15887F-DC69-477F-905F-8C65508758EE}.Debug|Any CPU.ActiveCfg = Debug|Any CPU
		{8B15887F-DC69-477F-905F-8C65508758EE}.Debug|Any CPU.Build.0 = Debug|Any CPU
		{8B15887F-DC69-477F-905F-8C65508758EE}.Release|Any CPU.ActiveCfg = Release|Any CPU
		{8B15887F-DC69-477F-905F-8C65508758EE}.Release|Any CPU.Build.0 = Release|Any CPU
		{411F3D28-D32E-47A5-B616-09CE67656F1A}.Debug|Any CPU.ActiveCfg = Debug|Any CPU
		{411F3D28-D32E-47A5-B616-09CE67656F1A}.Debug|Any CPU.Build.0 = Debug|Any CPU
		{411F3D28-D32E-47A5-B616-09CE67656F1A}.Release|Any CPU.ActiveCfg = Release|Any CPU
		{411F3D28-D32E-47A5-B616-09CE67656F1A}.Release|Any CPU.Build.0 = Release|Any CPU
		{014169CE-98D7-4DBF-A20A-42C6AE6E52F8}.Debug|Any CPU.ActiveCfg = Debug|Any CPU
		{014169CE-98D7-4DBF-A20A-42C6AE6E52F8}.Debug|Any CPU.Build.0 = Debug|Any CPU
		{014169CE-98D7-4DBF-A20A-42C6AE6E52F8}.Release|Any CPU.ActiveCfg = Release|Any CPU
		{014169CE-98D7-4DBF-A20A-42C6AE6E52F8}.Release|Any CPU.Build.0 = Release|Any CPU
		{903F9A3C-662D-44F0-AA6B-5B7127F1A7E3}.Debug|Any CPU.ActiveCfg = Debug|Any CPU
		{903F9A3C-662D-44F0-AA6B-5B7127F1A7E3}.Debug|Any CPU.Build.0 = Debug|Any CPU
		{903F9A3C-662D-44F0-AA6B-5B7127F1A7E3}.Release|Any CPU.ActiveCfg = Release|Any CPU
		{903F9A3C-662D-44F0-AA6B-5B7127F1A7E3}.Release|Any CPU.Build.0 = Release|Any CPU
		{F99CDED5-49E0-46DE-B1CB-C74F8021C47A}.Debug|Any CPU.ActiveCfg = Debug|Any CPU
		{F99CDED5-49E0-46DE-B1CB-C74F8021C47A}.Debug|Any CPU.Build.0 = Debug|Any CPU
		{F99CDED5-49E0-46DE-B1CB-C74F8021C47A}.Release|Any CPU.ActiveCfg = Release|Any CPU
		{F99CDED5-49E0-46DE-B1CB-C74F8021C47A}.Release|Any CPU.Build.0 = Release|Any CPU
	EndGlobalSection
	GlobalSection(SolutionProperties) = preSolution
		HideSolutionNode = FALSE
	EndGlobalSection
	GlobalSection(ExtensibilityGlobals) = postSolution
		SolutionGuid = {33BB050A-2A09-4498-8086-E468EF1C03C3}
	EndGlobalSection
EndGlobal
